
Microsoft Visual Studio Solution File, Format Version 12.00
# Visual Studio Version 16
VisualStudioVersion = 16.0.33328.57
MinimumVisualStudioVersion = 10.0.40219.1
Project("{FAE04EC0-301F-11D3-BF4B-00C04F79EFBC}") = "p188_ex1", "p188_ex1\p188_ex1.csproj", "{BAABDCBF-215C-4522-A1E4-8ECFCDB54548}"
EndProject
Project("{FAE04EC0-301F-11D3-BF4B-00C04F79EFBC}") = "p191_ex1", "p191_ex1\p191_ex1.csproj", "{68B2BA16-D0AE-4C10-A728-1FDAB1FFEB3B}"
EndProject
Project("{FAE04EC0-301F-11D3-BF4B-00C04F79EFBC}") = "p195_ex1", "p195_ex1\p195_ex1.csproj", "{C2D4D7D6-4126-4792-B0EF-55F9B1FFF1EB}"
EndProject
Project("{FAE04EC0-301F-11D3-BF4B-00C04F79EFBC}") = "p195_ex2", "p195_ex2\p195_ex2.csproj", "{FE1CEF43-2FA0-4849-874D-5D5035F1C3B8}"
EndProject
Project("{FAE04EC0-301F-11D3-BF4B-00C04F79EFBC}") = "p197_ex1", "p197_ex1\p197_ex1.csproj", "{7065DD77-F9B0-447E-9307-547734BD92FB}"
EndProject
Project("{FAE04EC0-301F-11D3-BF4B-00C04F79EFBC}") = "p199_ex1", "p199_ex1\p199_ex1.csproj", "{1F999269-3B11-443C-AD93-1B478B5B6CA2}"
EndProject
Project("{FAE04EC0-301F-11D3-BF4B-00C04F79EFBC}") = "p202_ex1", "p202_ex1\p202_ex1.csproj", "{2A9D65BB-D4DB-48D5-9DA7-D72556CBE343}"
EndProject
Project("{FAE04EC0-301F-11D3-BF4B-00C04F79EFBC}") = "p205_ex1", "p205_ex1\p205_ex1.csproj", "{441BF070-DDD3-4843-B315-F3EA8D752D97}"
EndProject
Project("{FAE04EC0-301F-11D3-BF4B-00C04F79EFBC}") = "p207_ex1", "p207_ex1\p207_ex1.csproj", "{8815CEE7-43F2-4221-957B-4A82948EA3D2}"
EndProject
Project("{FAE04EC0-301F-11D3-BF4B-00C04F79EFBC}") = "p209_ex1", "p209_ex1\p209_ex1.csproj", "{4F09A40F-D231-43F8-85E3-CFB41BE8C8E0}"
EndProject
Project("{FAE04EC0-301F-11D3-BF4B-00C04F79EFBC}") = "p211_ex1", "p211_ex1\p211_ex1.csproj", "{8543473B-481E-4675-B237-4EA77823ECAC}"
EndProject
Project("{FAE04EC0-301F-11D3-BF4B-00C04F79EFBC}") = "p214_ex1", "p214_ex1\p214_ex1.csproj", "{72A5F64F-CD78-4493-A9F7-E6A4995C2C7C}"
EndProject
Project("{FAE04EC0-301F-11D3-BF4B-00C04F79EFBC}") = "20230324_ex2_오재완", "20230324_ex2_오재완\20230324_ex2_오재완.csproj", "{DCB17B9D-B87C-4ABF-B1ED-639C7AA4586B}"
EndProject
Project("{FAE04EC0-301F-11D3-BF4B-00C04F79EFBC}") = "20230324_ex1_오재완", "20230324_ex1_오재완\20230324_ex1_오재완.csproj", "{9063DFCB-ACEA-4D40-A318-4993A9770F70}"
EndProject
Project("{FAE04EC0-301F-11D3-BF4B-00C04F79EFBC}") = "20230324_ex3_오재완", "20230324_ex3_오재완\20230324_ex3_오재완.csproj", "{5B3BF34E-7020-46B2-86D9-2E36B8CE3059}"
EndProject
Global
	GlobalSection(SolutionConfigurationPlatforms) = preSolution
		Debug|Any CPU = Debug|Any CPU
		Release|Any CPU = Release|Any CPU
	EndGlobalSection
	GlobalSection(ProjectConfigurationPlatforms) = postSolution
		{BAABDCBF-215C-4522-A1E4-8ECFCDB54548}.Debug|Any CPU.ActiveCfg = Debug|Any CPU
		{BAABDCBF-215C-4522-A1E4-8ECFCDB54548}.Debug|Any CPU.Build.0 = Debug|Any CPU
		{BAABDCBF-215C-4522-A1E4-8ECFCDB54548}.Release|Any CPU.ActiveCfg = Release|Any CPU
		{BAABDCBF-215C-4522-A1E4-8ECFCDB54548}.Release|Any CPU.Build.0 = Release|Any CPU
		{68B2BA16-D0AE-4C10-A728-1FDAB1FFEB3B}.Debug|Any CPU.ActiveCfg = Debug|Any CPU
		{68B2BA16-D0AE-4C10-A728-1FDAB1FFEB3B}.Debug|Any CPU.Build.0 = Debug|Any CPU
		{68B2BA16-D0AE-4C10-A728-1FDAB1FFEB3B}.Release|Any CPU.ActiveCfg = Release|Any CPU
		{68B2BA16-D0AE-4C10-A728-1FDAB1FFEB3B}.Release|Any CPU.Build.0 = Release|Any CPU
		{C2D4D7D6-4126-4792-B0EF-55F9B1FFF1EB}.Debug|Any CPU.ActiveCfg = Debug|Any CPU
		{C2D4D7D6-4126-4792-B0EF-55F9B1FFF1EB}.Debug|Any CPU.Build.0 = Debug|Any CPU
		{C2D4D7D6-4126-4792-B0EF-55F9B1FFF1EB}.Release|Any CPU.ActiveCfg = Release|Any CPU
		{C2D4D7D6-4126-4792-B0EF-55F9B1FFF1EB}.Release|Any CPU.Build.0 = Release|Any CPU
		{FE1CEF43-2FA0-4849-874D-5D5035F1C3B8}.Debug|Any CPU.ActiveCfg = Debug|Any CPU
		{FE1CEF43-2FA0-4849-874D-5D5035F1C3B8}.Debug|Any CPU.Build.0 = Debug|Any CPU
		{FE1CEF43-2FA0-4849-874D-5D5035F1C3B8}.Release|Any CPU.ActiveCfg = Release|Any CPU
		{FE1CEF43-2FA0-4849-874D-5D5035F1C3B8}.Release|Any CPU.Build.0 = Release|Any CPU
		{7065DD77-F9B0-447E-9307-547734BD92FB}.Debug|Any CPU.ActiveCfg = Debug|Any CPU
		{7065DD77-F9B0-447E-9307-547734BD92FB}.Debug|Any CPU.Build.0 = Debug|Any CPU
		{7065DD77-F9B0-447E-9307-547734BD92FB}.Release|Any CPU.ActiveCfg = Release|Any CPU
		{7065DD77-F9B0-447E-9307-547734BD92FB}.Release|Any CPU.Build.0 = Release|Any CPU
		{1F999269-3B11-443C-AD93-1B478B5B6CA2}.Debug|Any CPU.ActiveCfg = Debug|Any CPU
		{1F999269-3B11-443C-AD93-1B478B5B6CA2}.Debug|Any CPU.Build.0 = Debug|Any CPU
		{1F999269-3B11-443C-AD93-1B478B5B6CA2}.Release|Any CPU.ActiveCfg = Release|Any CPU
		{1F999269-3B11-443C-AD93-1B478B5B6CA2}.Release|Any CPU.Build.0 = Release|Any CPU
		{2A9D65BB-D4DB-48D5-9DA7-D72556CBE343}.Debug|Any CPU.ActiveCfg = Debug|Any CPU
		{2A9D65BB-D4DB-48D5-9DA7-D72556CBE343}.Debug|Any CPU.Build.0 = Debug|Any CPU
		{2A9D65BB-D4DB-48D5-9DA7-D72556CBE343}.Release|Any CPU.ActiveCfg = Release|Any CPU
		{2A9D65BB-D4DB-48D5-9DA7-D72556CBE343}.Release|Any CPU.Build.0 = Release|Any CPU
		{441BF070-DDD3-4843-B315-F3EA8D752D97}.Debug|Any CPU.ActiveCfg = Debug|Any CPU
		{441BF070-DDD3-4843-B315-F3EA8D752D97}.Debug|Any CPU.Build.0 = Debug|Any CPU
		{441BF070-DDD3-4843-B315-F3EA8D752D97}.Release|Any CPU.ActiveCfg = Release|Any CPU
		{441BF070-DDD3-4843-B315-F3EA8D752D97}.Release|Any CPU.Build.0 = Release|Any CPU
		{8815CEE7-43F2-4221-957B-4A82948EA3D2}.Debug|Any CPU.ActiveCfg = Debug|Any CPU
		{8815CEE7-43F2-4221-957B-4A82948EA3D2}.Debug|Any CPU.Build.0 = Debug|Any CPU
		{8815CEE7-43F2-4221-957B-4A82948EA3D2}.Release|Any CPU.ActiveCfg = Release|Any CPU
		{8815CEE7-43F2-4221-957B-4A82948EA3D2}.Release|Any CPU.Build.0 = Release|Any CPU
		{4F09A40F-D231-43F8-85E3-CFB41BE8C8E0}.Debug|Any CPU.ActiveCfg = Debug|Any CPU
		{4F09A40F-D231-43F8-85E3-CFB41BE8C8E0}.Debug|Any CPU.Build.0 = Debug|Any CPU
		{4F09A40F-D231-43F8-85E3-CFB41BE8C8E0}.Release|Any CPU.ActiveCfg = Release|Any CPU
		{4F09A40F-D231-43F8-85E3-CFB41BE8C8E0}.Release|Any CPU.Build.0 = Release|Any CPU
		{8543473B-481E-4675-B237-4EA77823ECAC}.Debug|Any CPU.ActiveCfg = Debug|Any CPU
		{8543473B-481E-4675-B237-4EA77823ECAC}.Debug|Any CPU.Build.0 = Debug|Any CPU
		{8543473B-481E-4675-B237-4EA77823ECAC}.Release|Any CPU.ActiveCfg = Release|Any CPU
		{8543473B-481E-4675-B237-4EA77823ECAC}.Release|Any CPU.Build.0 = Release|Any CPU
		{72A5F64F-CD78-4493-A9F7-E6A4995C2C7C}.Debug|Any CPU.ActiveCfg = Debug|Any CPU
		{72A5F64F-CD78-4493-A9F7-E6A4995C2C7C}.Debug|Any CPU.Build.0 = Debug|Any CPU
		{72A5F64F-CD78-4493-A9F7-E6A4995C2C7C}.Release|Any CPU.ActiveCfg = Release|Any CPU
		{72A5F64F-CD78-4493-A9F7-E6A4995C2C7C}.Release|Any CPU.Build.0 = Release|Any CPU
		{DCB17B9D-B87C-4ABF-B1ED-639C7AA4586B}.Debug|Any CPU.ActiveCfg = Debug|Any CPU
		{DCB17B9D-B87C-4ABF-B1ED-639C7AA4586B}.Debug|Any CPU.Build.0 = Debug|Any CPU
		{DCB17B9D-B87C-4ABF-B1ED-639C7AA4586B}.Release|Any CPU.ActiveCfg = Release|Any CPU
		{DCB17B9D-B87C-4ABF-B1ED-639C7AA4586B}.Release|Any CPU.Build.0 = Release|Any CPU
		{9063DFCB-ACEA-4D40-A318-4993A9770F70}.Debug|Any CPU.ActiveCfg = Debug|Any CPU
		{9063DFCB-ACEA-4D40-A318-4993A9770F70}.Debug|Any CPU.Build.0 = Debug|Any CPU
		{9063DFCB-ACEA-4D40-A318-4993A9770F70}.Release|Any CPU.ActiveCfg = Release|Any CPU
		{9063DFCB-ACEA-4D40-A318-4993A9770F70}.Release|Any CPU.Build.0 = Release|Any CPU
		{5B3BF34E-7020-46B2-86D9-2E36B8CE3059}.Debug|Any CPU.ActiveCfg = Debug|Any CPU
		{5B3BF34E-7020-46B2-86D9-2E36B8CE3059}.Debug|Any CPU.Build.0 = Debug|Any CPU
		{5B3BF34E-7020-46B2-86D9-2E36B8CE3059}.Release|Any CPU.ActiveCfg = Release|Any CPU
		{5B3BF34E-7020-46B2-86D9-2E36B8CE3059}.Release|Any CPU.Build.0 = Release|Any CPU
	EndGlobalSection
	GlobalSection(SolutionProperties) = preSolution
		HideSolutionNode = FALSE
	EndGlobalSection
	GlobalSection(ExtensibilityGlobals) = postSolution
		SolutionGuid = {EAB9B174-6E08-4F71-968F-27C05DE791EC}
	EndGlobalSection
EndGlobal
