
Microsoft Visual Studio Solution File, Format Version 12.00
# Visual Studio Version 16
VisualStudioVersion = 16.0.33328.57
MinimumVisualStudioVersion = 10.0.40219.1
Project("{FAE04EC0-301F-11D3-BF4B-00C04F79EFBC}") = "p188_ex1", "p188_ex1\p188_ex1.csproj", "{BAABDCBF-215C-4522-A1E4-8ECFCDB54548}"
EndProject
Project("{FAE04EC0-301F-11D3-BF4B-00C04F79EFBC}") = "p191_ex1", "p191_ex1\p191_ex1.csproj", "{68B2BA16-D0AE-4C10-A728-1FDAB1FFEB3B}"
EndProject
Global
	GlobalSection(SolutionConfigurationPlatforms) = preSolution
		Debug|Any CPU = Debug|Any CPU
		Release|Any CPU = Release|Any CPU
	EndGlobalSection
	GlobalSection(ProjectConfigurationPlatforms) = postSolution
		{BAABDCBF-215C-4522-A1E4-8ECFCDB54548}.Debug|Any CPU.ActiveCfg = Debug|Any CPU
		{BAABDCBF-215C-4522-A1E4-8ECFCDB54548}.Debug|Any CPU.Build.0 = Debug|Any CPU
		{BAABDCBF-215C-4522-A1E4-8ECFCDB54548}.Release|Any CPU.ActiveCfg = Release|Any CPU
		{BAABDCBF-215C-4522-A1E4-8ECFCDB54548}.Release|Any CPU.Build.0 = Release|Any CPU
		{68B2BA16-D0AE-4C10-A728-1FDAB1FFEB3B}.Debug|Any CPU.ActiveCfg = Debug|Any CPU
		{68B2BA16-D0AE-4C10-A728-1FDAB1FFEB3B}.Debug|Any CPU.Build.0 = Debug|Any CPU
		{68B2BA16-D0AE-4C10-A728-1FDAB1FFEB3B}.Release|Any CPU.ActiveCfg = Release|Any CPU
		{68B2BA16-D0AE-4C10-A728-1FDAB1FFEB3B}.Release|Any CPU.Build.0 = Release|Any CPU
	EndGlobalSection
	GlobalSection(SolutionProperties) = preSolution
		HideSolutionNode = FALSE
	EndGlobalSection
	GlobalSection(ExtensibilityGlobals) = postSolution
		SolutionGuid = {EAB9B174-6E08-4F71-968F-27C05DE791EC}
	EndGlobalSection
EndGlobal
